<?xml version="1.0" encoding="utf-8"?>
<Project xmlns="http://schemas.microsoft.com/developer/msbuild/2003" ToolsVersion="4.0">
  <ItemGroup>
    <Filter Include="header">
      <UniqueIdentifier>{D88ED9C2-5FC4-4117-BD80-18C1D2950B0D}</UniqueIdentifier>
      <Extensions>h;hpp</Extensions>
    </Filter>
    <Filter Include="resource">
      <UniqueIdentifier>{264ABCA2-F7DF-469C-BEB3-24A2FF189C36}</UniqueIdentifier>
      <Extensions>hlsl;jpg;jpeg;png;wav;mp3;ico;dds;rc;obj</Extensions>
    </Filter>
    <Filter Include="source">
      <UniqueIdentifier>{64DA8674-A047-4465-9982-D276D47285AA}</UniqueIdentifier>
      <Extensions>cpp;c</Extensions>
    </Filter>
  </ItemGroup>
  <ItemGroup>
    <ClCompile Include="..\..\..\src\PvZ\main.cpp">
      <Filter>source</Filter>
    </ClCompile>
    <ClCompile Include="..\..\..\src\PvZ\pch.cpp">
      <Filter>source</Filter>
    </ClCompile>
    <ClInclude Include="..\..\..\src\PvZ\main.h">
      <Filter>header</Filter>
    </ClInclude>
    <ClInclude Include="..\..\..\src\PvZ\pch.h">
      <Filter>header</Filter>
    </ClInclude>
    <ClInclude Include="..\..\..\src\PvZ\resource.h">
      <Filter>header</Filter>
    </ClInclude>
    <None Include="..\..\..\src\PvZ\app.ico">
      <Filter>resource</Filter>
    </None>
    <None Include="..\..\..\src\PvZ\app.rc">
      <Filter>resource</Filter>
    </None>
    <None Include="..\..\..\src\PvZ\small.ico">
      <Filter>resource</Filter>
    </None>
    <ClCompile Include="..\..\..\src\PvZ\Plant.cpp">
      <Filter>source</Filter>
    </ClCompile>
    <ClCompile Include="..\..\..\src\PvZ\Zombie.cpp">
      <Filter>source</Filter>
    </ClCompile>
    <ClCompile Include="..\..\..\src\PvZ\Projectile.cpp">
      <Filter>source</Filter>
    </ClCompile>
  </ItemGroup>
  <ItemGroup>
    <ClInclude Include="..\..\..\src\PvZ\Plant.h">
      <Filter>header</Filter>
    </ClInclude>
    <ClInclude Include="..\..\..\src\PvZ\Zombie.h">
      <Filter>header</Filter>
    </ClInclude>
    <ClInclude Include="..\..\..\src\PvZ\Projectile.h">
      <Filter>header</Filter>
    </ClInclude>
  </ItemGroup>
</Project>