
Microsoft Visual Studio Solution File, Format Version 12.00
# Visual Studio Version 16
VisualStudioVersion = 16.0.30319.14
MinimumVisualStudioVersion = 10.0.40219.1
Project("{8BC9CEB8-8B4A-11D0-8D11-00A0C91BC942}") = "LightEngine", "LightEngine\LightEngine.vcxproj", "{C1A675A6-E39D-49FA-8144-2FB20025544A}"
	ProjectSection(ProjectDependencies) = postProject
	EndProjectSection
EndProject
Project("{8BC9CEB8-8B4A-11D0-8D11-00A0C91BC942}") = "Sample", "Sample\Sample.vcxproj", "{009B7195-950D-430E-89AA-283AABD47A2B}"
	ProjectSection(ProjectDependencies) = postProject
	EndProjectSection
EndProject
Project("{8BC9CEB8-8B4A-11D0-8D11-00A0C91BC942}") = "PvZ", "PvZ\PvZ.vcxproj", "{D1D70A93-3AA2-422F-B8C5-DB4BA22E2F16}"
	ProjectSection(ProjectDependencies) = postProject
	EndProjectSection
EndProject
Global
	GlobalSection(SolutionConfigurationPlatforms) = preSolution
		Debug|x64 = Debug|x64
		Release|x64 = Release|x64
		Debug|x64 = Debug|x64
		Release|x64 = Release|x64
		Debug|x64 = Debug|x64
		Release|x64 = Release|x64
	EndGlobalSection
	GlobalSection(ProjectConfigurationPlatforms) = postSolution
		{C1A675A6-E39D-49FA-8144-2FB20025544A}.Debug|x64.ActiveCfg = Debug|x64
		{C1A675A6-E39D-49FA-8144-2FB20025544A}.Debug|x64.Build.0 = Debug|x64
		{C1A675A6-E39D-49FA-8144-2FB20025544A}.Release|x64.ActiveCfg = Release|x64
		{C1A675A6-E39D-49FA-8144-2FB20025544A}.Release|x64.Build.0 = Release|x64
		{009B7195-950D-430E-89AA-283AABD47A2B}.Debug|x64.ActiveCfg = Debug|x64
		{009B7195-950D-430E-89AA-283AABD47A2B}.Debug|x64.Build.0 = Debug|x64
		{009B7195-950D-430E-89AA-283AABD47A2B}.Release|x64.ActiveCfg = Release|x64
		{009B7195-950D-430E-89AA-283AABD47A2B}.Release|x64.Build.0 = Release|x64
		{D1D70A93-3AA2-422F-B8C5-DB4BA22E2F16}.Debug|x64.ActiveCfg = Debug|x64
		{D1D70A93-3AA2-422F-B8C5-DB4BA22E2F16}.Debug|x64.Build.0 = Debug|x64
		{D1D70A93-3AA2-422F-B8C5-DB4BA22E2F16}.Release|x64.ActiveCfg = Release|x64
		{D1D70A93-3AA2-422F-B8C5-DB4BA22E2F16}.Release|x64.Build.0 = Release|x64
	EndGlobalSection
	GlobalSection(SolutionProperties) = preSolution
		HideSolutionNode = FALSE
	EndGlobalSection
	GlobalSection(NestedProjects) = preSolution
	EndGlobalSection
	GlobalSection(ExtensibilityGlobals) = postSolution
		SolutionGuid = {F615F1A9-6253-4AD5-8A33-5A8C23D8E891}
	EndGlobalSection
EndGlobal
